
Microsoft Visual Studio Solution File, Format Version 12.00
# Visual Studio Version 17
VisualStudioVersion = 17.7.34031.279
MinimumVisualStudioVersion = 10.0.40219.1
Project("{FAE04EC0-301F-11D3-BF4B-00C04F79EFBC}") = "excel kezelo test", "excel kezelo test\excel kezelo test.csproj", "{D80C9174-F7EB-426F-BE8B-E45C46F8D300}"
EndProject
Global
	GlobalSection(SolutionConfigurationPlatforms) = preSolution
		Debug|Any CPU = Debug|Any CPU
		Release|Any CPU = Release|Any CPU
	EndGlobalSection
	GlobalSection(ProjectConfigurationPlatforms) = postSolution
		{D80C9174-F7EB-426F-BE8B-E45C46F8D300}.Debug|Any CPU.ActiveCfg = Debug|Any CPU
		{D80C9174-F7EB-426F-BE8B-E45C46F8D300}.Debug|Any CPU.Build.0 = Debug|Any CPU
		{D80C9174-F7EB-426F-BE8B-E45C46F8D300}.Release|Any CPU.ActiveCfg = Release|Any CPU
		{D80C9174-F7EB-426F-BE8B-E45C46F8D300}.Release|Any CPU.Build.0 = Release|Any CPU
	EndGlobalSection
	GlobalSection(SolutionProperties) = preSolution
		HideSolutionNode = FALSE
	EndGlobalSection
	GlobalSection(ExtensibilityGlobals) = postSolution
		SolutionGuid = {662A8EAB-06FE-41A4-9A82-73962A784B86}
	EndGlobalSection
EndGlobal
